
Microsoft Visual Studio Solution File, Format Version 12.00
Project("{FAE04EC0-301F-11D3-BF4B-00C04F79EFBC}") = "TextFileSorter", "TextFileSorter\TextFileSorter.csproj", "{0782EFB4-CCC5-42E0-B425-CD99568C0278}"
EndProject
Global
	GlobalSection(SolutionConfigurationPlatforms) = preSolution
		Debug|Any CPU = Debug|Any CPU
		Release|Any CPU = Release|Any CPU
	EndGlobalSection
	GlobalSection(ProjectConfigurationPlatforms) = postSolution
		{0782EFB4-CCC5-42E0-B425-CD99568C0278}.Debug|Any CPU.ActiveCfg = Debug|Any CPU
		{0782EFB4-CCC5-42E0-B425-CD99568C0278}.Debug|Any CPU.Build.0 = Debug|Any CPU
		{0782EFB4-CCC5-42E0-B425-CD99568C0278}.Release|Any CPU.ActiveCfg = Release|Any CPU
		{0782EFB4-CCC5-42E0-B425-CD99568C0278}.Release|Any CPU.Build.0 = Release|Any CPU
	EndGlobalSection
EndGlobal
