
Microsoft Visual Studio Solution File, Format Version 12.00
Project("{FAE04EC0-301F-11D3-BF4B-00C04F79EFBC}") = "TextFileSorter", "TextFileSorter\TextFileSorter.csproj", "{0782EFB4-CCC5-42E0-B425-CD99568C0278}"
EndProject
Project("{2150E333-8FDC-42A3-9474-1A3956D46DE8}") = "Tests", "Tests", "{C70136E9-2BE7-4DAD-AF90-C5D325EE4348}"
EndProject
Project("{FAE04EC0-301F-11D3-BF4B-00C04F79EFBC}") = "FileGenerator", "FileGenerator\FileGenerator.csproj", "{E873053E-8603-4D79-B0CF-180992E8A864}"
EndProject
Project("{FAE04EC0-301F-11D3-BF4B-00C04F79EFBC}") = "FileGenerator.Tests", "FileGenerator.Tests\FileGenerator.Tests.csproj", "{914DDF0F-1830-4523-9CD0-03FCA56CEE7F}"
EndProject
Project("{FAE04EC0-301F-11D3-BF4B-00C04F79EFBC}") = "FileGenerator.IntegrationTests", "FileGenerator.IntegrationTests\FileGenerator.IntegrationTests.csproj", "{2873411E-73C6-4DF3-81D5-284CC16FCE2B}"
EndProject
Project("{FAE04EC0-301F-11D3-BF4B-00C04F79EFBC}") = "TextFileSorter.IntegrationTests", "TextFileSorter.IntegrationTests\TextFileSorter.IntegrationTests.csproj", "{475A0180-E4CE-4E1E-AA34-17051322B374}"
EndProject
Global
	GlobalSection(SolutionConfigurationPlatforms) = preSolution
		Debug|Any CPU = Debug|Any CPU
		Release|Any CPU = Release|Any CPU
	EndGlobalSection
	GlobalSection(ProjectConfigurationPlatforms) = postSolution
		{0782EFB4-CCC5-42E0-B425-CD99568C0278}.Debug|Any CPU.ActiveCfg = Debug|Any CPU
		{0782EFB4-CCC5-42E0-B425-CD99568C0278}.Debug|Any CPU.Build.0 = Debug|Any CPU
		{0782EFB4-CCC5-42E0-B425-CD99568C0278}.Release|Any CPU.ActiveCfg = Release|Any CPU
		{0782EFB4-CCC5-42E0-B425-CD99568C0278}.Release|Any CPU.Build.0 = Release|Any CPU
		{E873053E-8603-4D79-B0CF-180992E8A864}.Debug|Any CPU.ActiveCfg = Debug|Any CPU
		{E873053E-8603-4D79-B0CF-180992E8A864}.Debug|Any CPU.Build.0 = Debug|Any CPU
		{E873053E-8603-4D79-B0CF-180992E8A864}.Release|Any CPU.ActiveCfg = Release|Any CPU
		{E873053E-8603-4D79-B0CF-180992E8A864}.Release|Any CPU.Build.0 = Release|Any CPU
		{914DDF0F-1830-4523-9CD0-03FCA56CEE7F}.Debug|Any CPU.ActiveCfg = Debug|Any CPU
		{914DDF0F-1830-4523-9CD0-03FCA56CEE7F}.Debug|Any CPU.Build.0 = Debug|Any CPU
		{914DDF0F-1830-4523-9CD0-03FCA56CEE7F}.Release|Any CPU.ActiveCfg = Release|Any CPU
		{914DDF0F-1830-4523-9CD0-03FCA56CEE7F}.Release|Any CPU.Build.0 = Release|Any CPU
		{2873411E-73C6-4DF3-81D5-284CC16FCE2B}.Debug|Any CPU.ActiveCfg = Debug|Any CPU
		{2873411E-73C6-4DF3-81D5-284CC16FCE2B}.Debug|Any CPU.Build.0 = Debug|Any CPU
		{2873411E-73C6-4DF3-81D5-284CC16FCE2B}.Release|Any CPU.ActiveCfg = Release|Any CPU
		{2873411E-73C6-4DF3-81D5-284CC16FCE2B}.Release|Any CPU.Build.0 = Release|Any CPU
		{475A0180-E4CE-4E1E-AA34-17051322B374}.Debug|Any CPU.ActiveCfg = Debug|Any CPU
		{475A0180-E4CE-4E1E-AA34-17051322B374}.Debug|Any CPU.Build.0 = Debug|Any CPU
		{475A0180-E4CE-4E1E-AA34-17051322B374}.Release|Any CPU.ActiveCfg = Release|Any CPU
		{475A0180-E4CE-4E1E-AA34-17051322B374}.Release|Any CPU.Build.0 = Release|Any CPU
	EndGlobalSection
	GlobalSection(NestedProjects) = preSolution
		{914DDF0F-1830-4523-9CD0-03FCA56CEE7F} = {C70136E9-2BE7-4DAD-AF90-C5D325EE4348}
		{2873411E-73C6-4DF3-81D5-284CC16FCE2B} = {C70136E9-2BE7-4DAD-AF90-C5D325EE4348}
		{475A0180-E4CE-4E1E-AA34-17051322B374} = {C70136E9-2BE7-4DAD-AF90-C5D325EE4348}
	EndGlobalSection
EndGlobal
